
Microsoft Visual Studio Solution File, Format Version 12.00
# Visual Studio Version 17
VisualStudioVersion = 17.4.33213.308
MinimumVisualStudioVersion = 10.0.40219.1
Project("{2150E333-8FDC-42A3-9474-1A3956D46DE8}") = "Solution Items", "Solution Items", "{6393BFF8-164D-44C9-8E68-DBC7DD7BAF13}"
	ProjectSection(SolutionItems) = preProject
		global.json = global.json
	EndProjectSection
EndProject
Project("{9A19103F-16F7-4668-BE54-9A1E7A4F7556}") = "OcelotApiGw", "src\ApiGateways\OcelotApiGw\OcelotApiGw.csproj", "{5AE7ADB5-1DFA-4754-9511-EF24ED268968}"
EndProject
Project("{2150E333-8FDC-42A3-9474-1A3956D46DE8}") = "BuildingBlocks", "BuildingBlocks", "{4F18E52E-1ED3-4897-8678-01FCFABC71E1}"
EndProject
Project("{9A19103F-16F7-4668-BE54-9A1E7A4F7556}") = "CommonLogging", "src\BuildingBlocks\CommonLogging\CommonLogging.csproj", "{6164F432-4A28-4695-8D50-9AD569A7DE87}"
EndProject
Project("{9A19103F-16F7-4668-BE54-9A1E7A4F7556}") = "Contracts", "src\BuildingBlocks\Contracts\Contracts.csproj", "{CCDCAB30-6294-42A9-85B2-6B79B9269D5E}"
EndProject
Project("{9A19103F-16F7-4668-BE54-9A1E7A4F7556}") = "EvenBus.Messages", "src\BuildingBlocks\EvenBus.Messages\EvenBus.Messages.csproj", "{1529821A-24D6-4CDE-93C1-B90BAFF8C353}"
EndProject
Project("{9A19103F-16F7-4668-BE54-9A1E7A4F7556}") = "Infrastructures", "src\BuildingBlocks\Infrastructures\Infrastructures.csproj", "{15FDC947-B594-4345-81D6-91CEC652D9D0}"
EndProject
Project("{9A19103F-16F7-4668-BE54-9A1E7A4F7556}") = "Shared", "src\BuildingBlocks\Shared\Shared.csproj", "{663B3067-A5D5-4956-AA30-1EA60C74A47D}"
EndProject
Project("{2150E333-8FDC-42A3-9474-1A3956D46DE8}") = "ApiGateways", "ApiGateways", "{18B18CC2-8161-4864-984B-32303BB482C0}"
EndProject
Project("{2150E333-8FDC-42A3-9474-1A3956D46DE8}") = "Services", "Services", "{8E6F8F40-7442-4ACC-B89B-E141C6CA6B59}"
EndProject
Project("{9A19103F-16F7-4668-BE54-9A1E7A4F7556}") = "Basket.API", "src\Services\Basket\Basket.API\Basket.API.csproj", "{BDA8AD3F-A6BC-442C-B216-3AEFFE6BCA58}"
EndProject
Project("{9A19103F-16F7-4668-BE54-9A1E7A4F7556}") = "Customer.API", "src\Services\Customer\Customer.API\Customer.API.csproj", "{7D84FDEC-A9C9-4105-ACA6-895CC2200F30}"
EndProject
Project("{9A19103F-16F7-4668-BE54-9A1E7A4F7556}") = "Hangfire.API", "src\Services\ScheduledJob\Hangfire.API\Hangfire.API.csproj", "{BA4ADE34-ACAB-461D-8FCE-515D0B1AB8E2}"
EndProject
Project("{9A19103F-16F7-4668-BE54-9A1E7A4F7556}") = "Ordering.API", "src\Services\Ordering\Ordering.API\Ordering.API.csproj", "{E48E6616-B197-40DA-9C19-3C2BF9CA82BD}"
EndProject
Project("{9A19103F-16F7-4668-BE54-9A1E7A4F7556}") = "Inventory.Product.API", "src\Services\Inventory\Inventory.Product.API\Inventory.Product.API.csproj", "{363E6D66-F671-437A-85A9-60A4338B1276}"
EndProject
Project("{9A19103F-16F7-4668-BE54-9A1E7A4F7556}") = "Product.API", "src\Services\Product\Product.API\Product.API.csproj", "{A0860884-4E74-4680-B0C5-7F4289D710A6}"
EndProject
Project("{9A19103F-16F7-4668-BE54-9A1E7A4F7556}") = "WebHealthStatus", "src\WebApps\WebHealthStatus\WebHealthStatus.csproj", "{27247D04-C37A-42F1-8140-B0105A8D920C}"
EndProject
Project("{2150E333-8FDC-42A3-9474-1A3956D46DE8}") = "WebApps", "WebApps", "{D66E7FDE-B732-48F9-A6CE-CC64092E34BA}"
EndProject
Global
	GlobalSection(SolutionConfigurationPlatforms) = preSolution
		Debug|Any CPU = Debug|Any CPU
		Release|Any CPU = Release|Any CPU
	EndGlobalSection
	GlobalSection(ProjectConfigurationPlatforms) = postSolution
		{5AE7ADB5-1DFA-4754-9511-EF24ED268968}.Debug|Any CPU.ActiveCfg = Debug|Any CPU
		{5AE7ADB5-1DFA-4754-9511-EF24ED268968}.Debug|Any CPU.Build.0 = Debug|Any CPU
		{5AE7ADB5-1DFA-4754-9511-EF24ED268968}.Release|Any CPU.ActiveCfg = Release|Any CPU
		{5AE7ADB5-1DFA-4754-9511-EF24ED268968}.Release|Any CPU.Build.0 = Release|Any CPU
		{6164F432-4A28-4695-8D50-9AD569A7DE87}.Debug|Any CPU.ActiveCfg = Debug|Any CPU
		{6164F432-4A28-4695-8D50-9AD569A7DE87}.Debug|Any CPU.Build.0 = Debug|Any CPU
		{6164F432-4A28-4695-8D50-9AD569A7DE87}.Release|Any CPU.ActiveCfg = Release|Any CPU
		{6164F432-4A28-4695-8D50-9AD569A7DE87}.Release|Any CPU.Build.0 = Release|Any CPU
		{CCDCAB30-6294-42A9-85B2-6B79B9269D5E}.Debug|Any CPU.ActiveCfg = Debug|Any CPU
		{CCDCAB30-6294-42A9-85B2-6B79B9269D5E}.Debug|Any CPU.Build.0 = Debug|Any CPU
		{CCDCAB30-6294-42A9-85B2-6B79B9269D5E}.Release|Any CPU.ActiveCfg = Release|Any CPU
		{CCDCAB30-6294-42A9-85B2-6B79B9269D5E}.Release|Any CPU.Build.0 = Release|Any CPU
		{1529821A-24D6-4CDE-93C1-B90BAFF8C353}.Debug|Any CPU.ActiveCfg = Debug|Any CPU
		{1529821A-24D6-4CDE-93C1-B90BAFF8C353}.Debug|Any CPU.Build.0 = Debug|Any CPU
		{1529821A-24D6-4CDE-93C1-B90BAFF8C353}.Release|Any CPU.ActiveCfg = Release|Any CPU
		{1529821A-24D6-4CDE-93C1-B90BAFF8C353}.Release|Any CPU.Build.0 = Release|Any CPU
		{15FDC947-B594-4345-81D6-91CEC652D9D0}.Debug|Any CPU.ActiveCfg = Debug|Any CPU
		{15FDC947-B594-4345-81D6-91CEC652D9D0}.Debug|Any CPU.Build.0 = Debug|Any CPU
		{15FDC947-B594-4345-81D6-91CEC652D9D0}.Release|Any CPU.ActiveCfg = Release|Any CPU
		{15FDC947-B594-4345-81D6-91CEC652D9D0}.Release|Any CPU.Build.0 = Release|Any CPU
		{663B3067-A5D5-4956-AA30-1EA60C74A47D}.Debug|Any CPU.ActiveCfg = Debug|Any CPU
		{663B3067-A5D5-4956-AA30-1EA60C74A47D}.Debug|Any CPU.Build.0 = Debug|Any CPU
		{663B3067-A5D5-4956-AA30-1EA60C74A47D}.Release|Any CPU.ActiveCfg = Release|Any CPU
		{663B3067-A5D5-4956-AA30-1EA60C74A47D}.Release|Any CPU.Build.0 = Release|Any CPU
		{BDA8AD3F-A6BC-442C-B216-3AEFFE6BCA58}.Debug|Any CPU.ActiveCfg = Debug|Any CPU
		{BDA8AD3F-A6BC-442C-B216-3AEFFE6BCA58}.Debug|Any CPU.Build.0 = Debug|Any CPU
		{BDA8AD3F-A6BC-442C-B216-3AEFFE6BCA58}.Release|Any CPU.ActiveCfg = Release|Any CPU
		{BDA8AD3F-A6BC-442C-B216-3AEFFE6BCA58}.Release|Any CPU.Build.0 = Release|Any CPU
		{7D84FDEC-A9C9-4105-ACA6-895CC2200F30}.Debug|Any CPU.ActiveCfg = Debug|Any CPU
		{7D84FDEC-A9C9-4105-ACA6-895CC2200F30}.Debug|Any CPU.Build.0 = Debug|Any CPU
		{7D84FDEC-A9C9-4105-ACA6-895CC2200F30}.Release|Any CPU.ActiveCfg = Release|Any CPU
		{7D84FDEC-A9C9-4105-ACA6-895CC2200F30}.Release|Any CPU.Build.0 = Release|Any CPU
		{BA4ADE34-ACAB-461D-8FCE-515D0B1AB8E2}.Debug|Any CPU.ActiveCfg = Debug|Any CPU
		{BA4ADE34-ACAB-461D-8FCE-515D0B1AB8E2}.Debug|Any CPU.Build.0 = Debug|Any CPU
		{BA4ADE34-ACAB-461D-8FCE-515D0B1AB8E2}.Release|Any CPU.ActiveCfg = Release|Any CPU
		{BA4ADE34-ACAB-461D-8FCE-515D0B1AB8E2}.Release|Any CPU.Build.0 = Release|Any CPU
		{E48E6616-B197-40DA-9C19-3C2BF9CA82BD}.Debug|Any CPU.ActiveCfg = Debug|Any CPU
		{E48E6616-B197-40DA-9C19-3C2BF9CA82BD}.Debug|Any CPU.Build.0 = Debug|Any CPU
		{E48E6616-B197-40DA-9C19-3C2BF9CA82BD}.Release|Any CPU.ActiveCfg = Release|Any CPU
		{E48E6616-B197-40DA-9C19-3C2BF9CA82BD}.Release|Any CPU.Build.0 = Release|Any CPU
		{363E6D66-F671-437A-85A9-60A4338B1276}.Debug|Any CPU.ActiveCfg = Debug|Any CPU
		{363E6D66-F671-437A-85A9-60A4338B1276}.Debug|Any CPU.Build.0 = Debug|Any CPU
		{363E6D66-F671-437A-85A9-60A4338B1276}.Release|Any CPU.ActiveCfg = Release|Any CPU
		{363E6D66-F671-437A-85A9-60A4338B1276}.Release|Any CPU.Build.0 = Release|Any CPU
		{A0860884-4E74-4680-B0C5-7F4289D710A6}.Debug|Any CPU.ActiveCfg = Debug|Any CPU
		{A0860884-4E74-4680-B0C5-7F4289D710A6}.Debug|Any CPU.Build.0 = Debug|Any CPU
		{A0860884-4E74-4680-B0C5-7F4289D710A6}.Release|Any CPU.ActiveCfg = Release|Any CPU
		{A0860884-4E74-4680-B0C5-7F4289D710A6}.Release|Any CPU.Build.0 = Release|Any CPU
		{27247D04-C37A-42F1-8140-B0105A8D920C}.Debug|Any CPU.ActiveCfg = Debug|Any CPU
		{27247D04-C37A-42F1-8140-B0105A8D920C}.Debug|Any CPU.Build.0 = Debug|Any CPU
		{27247D04-C37A-42F1-8140-B0105A8D920C}.Release|Any CPU.ActiveCfg = Release|Any CPU
		{27247D04-C37A-42F1-8140-B0105A8D920C}.Release|Any CPU.Build.0 = Release|Any CPU
	EndGlobalSection
	GlobalSection(SolutionProperties) = preSolution
		HideSolutionNode = FALSE
	EndGlobalSection
	GlobalSection(NestedProjects) = preSolution
		{5AE7ADB5-1DFA-4754-9511-EF24ED268968} = {18B18CC2-8161-4864-984B-32303BB482C0}
		{6164F432-4A28-4695-8D50-9AD569A7DE87} = {4F18E52E-1ED3-4897-8678-01FCFABC71E1}
		{CCDCAB30-6294-42A9-85B2-6B79B9269D5E} = {4F18E52E-1ED3-4897-8678-01FCFABC71E1}
		{1529821A-24D6-4CDE-93C1-B90BAFF8C353} = {4F18E52E-1ED3-4897-8678-01FCFABC71E1}
		{15FDC947-B594-4345-81D6-91CEC652D9D0} = {4F18E52E-1ED3-4897-8678-01FCFABC71E1}
		{663B3067-A5D5-4956-AA30-1EA60C74A47D} = {4F18E52E-1ED3-4897-8678-01FCFABC71E1}
		{BDA8AD3F-A6BC-442C-B216-3AEFFE6BCA58} = {8E6F8F40-7442-4ACC-B89B-E141C6CA6B59}
		{7D84FDEC-A9C9-4105-ACA6-895CC2200F30} = {8E6F8F40-7442-4ACC-B89B-E141C6CA6B59}
		{BA4ADE34-ACAB-461D-8FCE-515D0B1AB8E2} = {8E6F8F40-7442-4ACC-B89B-E141C6CA6B59}
		{E48E6616-B197-40DA-9C19-3C2BF9CA82BD} = {8E6F8F40-7442-4ACC-B89B-E141C6CA6B59}
		{363E6D66-F671-437A-85A9-60A4338B1276} = {8E6F8F40-7442-4ACC-B89B-E141C6CA6B59}
		{A0860884-4E74-4680-B0C5-7F4289D710A6} = {8E6F8F40-7442-4ACC-B89B-E141C6CA6B59}
		{27247D04-C37A-42F1-8140-B0105A8D920C} = {D66E7FDE-B732-48F9-A6CE-CC64092E34BA}
	EndGlobalSection
	GlobalSection(ExtensibilityGlobals) = postSolution
		SolutionGuid = {A6B3C130-B03D-413C-B12C-74C5DC071D13}
	EndGlobalSection
EndGlobal
